
Microsoft Visual Studio Solution File, Format Version 12.00
# Visual Studio Version 17
VisualStudioVersion = 17.14.36623.8
MinimumVisualStudioVersion = 10.0.40219.1
Project("{FAE04EC0-301F-11D3-BF4B-00C04F79EFBC}") = "ExchangeOnline.Smtp.OAuth2.Sample", "ExchangeOnline.Smtp.OAuth2.Sample\ExchangeOnline.Smtp.OAuth2.Sample.csproj", "{02029515-9D93-435F-9BE6-11C26BB2F0B0}"
EndProject
Project("{FAE04EC0-301F-11D3-BF4B-00C04F79EFBC}") = "Graph.Mail.Send.Sample", "Graph.Mail.Send.Sample\Graph.Mail.Send.Sample.csproj", "{FEB54D74-4F19-4E78-AA49-BEC97A320A07}"
EndProject
Project("{FAE04EC0-301F-11D3-BF4B-00C04F79EFBC}") = "Azure-Communication-Service-Mail-Send-Sample", "Azure-Communication-Service-Mail-Send-Sample\Azure-Communication-Service-Mail-Send-Sample.csproj", "{9F9B039D-7C6E-4420-AB25-B6CE24CAF06E}"
EndProject
Global
	GlobalSection(SolutionConfigurationPlatforms) = preSolution
		Debug|Any CPU = Debug|Any CPU
		Release|Any CPU = Release|Any CPU
	EndGlobalSection
	GlobalSection(ProjectConfigurationPlatforms) = postSolution
		{02029515-9D93-435F-9BE6-11C26BB2F0B0}.Debug|Any CPU.ActiveCfg = Debug|Any CPU
		{02029515-9D93-435F-9BE6-11C26BB2F0B0}.Debug|Any CPU.Build.0 = Debug|Any CPU
		{02029515-9D93-435F-9BE6-11C26BB2F0B0}.Release|Any CPU.ActiveCfg = Release|Any CPU
		{02029515-9D93-435F-9BE6-11C26BB2F0B0}.Release|Any CPU.Build.0 = Release|Any CPU
		{FEB54D74-4F19-4E78-AA49-BEC97A320A07}.Debug|Any CPU.ActiveCfg = Debug|Any CPU
		{FEB54D74-4F19-4E78-AA49-BEC97A320A07}.Debug|Any CPU.Build.0 = Debug|Any CPU
		{FEB54D74-4F19-4E78-AA49-BEC97A320A07}.Release|Any CPU.ActiveCfg = Release|Any CPU
		{FEB54D74-4F19-4E78-AA49-BEC97A320A07}.Release|Any CPU.Build.0 = Release|Any CPU
		{9F9B039D-7C6E-4420-AB25-B6CE24CAF06E}.Debug|Any CPU.ActiveCfg = Debug|Any CPU
		{9F9B039D-7C6E-4420-AB25-B6CE24CAF06E}.Debug|Any CPU.Build.0 = Debug|Any CPU
		{9F9B039D-7C6E-4420-AB25-B6CE24CAF06E}.Release|Any CPU.ActiveCfg = Release|Any CPU
		{9F9B039D-7C6E-4420-AB25-B6CE24CAF06E}.Release|Any CPU.Build.0 = Release|Any CPU
	EndGlobalSection
	GlobalSection(SolutionProperties) = preSolution
		HideSolutionNode = FALSE
	EndGlobalSection
	GlobalSection(ExtensibilityGlobals) = postSolution
		SolutionGuid = {1E2ABA1C-CAB4-470E-BA50-054A0D06BFB5}
	EndGlobalSection
EndGlobal
